// !$*UTF8*$!
{
	archiveVersion = 1;
	classes = {
	};
	objectVersion = 56;
	objects = {

/* Begin PBXBuildFile section */
		6A51E85329E05DBA00129910 /* ScrollingHStackModifier.swift in Sources */ = {isa = PBXBuildFile; fileRef = 6A51E85229E05DBA00129910 /* ScrollingHStackModifier.swift */; };
		6A51E85A29E0C96400129910 /* data.json in Resources */ = {isa = PBXBuildFile; fileRef = 6A51E85929E0C96400129910 /* data.json */; };
		6A51E85D29E0CA2B00129910 /* ApiManager.swift in Sources */ = {isa = PBXBuildFile; fileRef = 6A51E85C29E0CA2B00129910 /* ApiManager.swift */; };
		6A51E85F29E0CA5500129910 /* TopicResponse.swift in Sources */ = {isa = PBXBuildFile; fileRef = 6A51E85E29E0CA5500129910 /* TopicResponse.swift */; };
		6A51E86129E0CCDA00129910 /* DataManager.swift in Sources */ = {isa = PBXBuildFile; fileRef = 6A51E86029E0CCDA00129910 /* DataManager.swift */; };
		6A51E86529E4481800129910 /* TopicRowItem.swift in Sources */ = {isa = PBXBuildFile; fileRef = 6A51E86429E4481800129910 /* TopicRowItem.swift */; };
		6AC7A36229DEE534003F8E18 /* ukraineApp.swift in Sources */ = {isa = PBXBuildFile; fileRef = 6AC7A36129DEE534003F8E18 /* ukraineApp.swift */; };
		6AC7A36429DEE534003F8E18 /* ContentView.swift in Sources */ = {isa = PBXBuildFile; fileRef = 6AC7A36329DEE534003F8E18 /* ContentView.swift */; };
		6AC7A36629DEE536003F8E18 /* Assets.xcassets in Resources */ = {isa = PBXBuildFile; fileRef = 6AC7A36529DEE536003F8E18 /* Assets.xcassets */; };
		6AC7A36929DEE536003F8E18 /* Preview Assets.xcassets in Resources */ = {isa = PBXBuildFile; fileRef = 6AC7A36829DEE536003F8E18 /* Preview Assets.xcassets */; };
		6AC7A37029DEE9D1003F8E18 /* TopicDetailView.swift in Sources */ = {isa = PBXBuildFile; fileRef = 6AC7A36F29DEE9D1003F8E18 /* TopicDetailView.swift */; };
		6AC7A37529DEF380003F8E18 /* WebView.swift in Sources */ = {isa = PBXBuildFile; fileRef = 6AC7A37429DEF380003F8E18 /* WebView.swift */; };
		6AC7A37729DEF6FD003F8E18 /* TopicModel.swift in Sources */ = {isa = PBXBuildFile; fileRef = 6AC7A37629DEF6FD003F8E18 /* TopicModel.swift */; };
		6AC7A37929DEF74D003F8E18 /* SubTopicModel.swift in Sources */ = {isa = PBXBuildFile; fileRef = 6AC7A37829DEF74D003F8E18 /* SubTopicModel.swift */; };
		6AC7A37B29DEFE95003F8E18 /* WebViewModel.swift in Sources */ = {isa = PBXBuildFile; fileRef = 6AC7A37A29DEFE95003F8E18 /* WebViewModel.swift */; };
		6AC7A37D29DF02D3003F8E18 /* MockData.swift in Sources */ = {isa = PBXBuildFile; fileRef = 6AC7A37C29DF02D3003F8E18 /* MockData.swift */; };
		6AC7A37F29DF0950003F8E18 /* WebViewNavigationBar.swift in Sources */ = {isa = PBXBuildFile; fileRef = 6AC7A37E29DF0950003F8E18 /* WebViewNavigationBar.swift */; };
		6AF52E8529DF210400D49FC5 /* TopicDetailSectionView.swift in Sources */ = {isa = PBXBuildFile; fileRef = 6AF52E8429DF210400D49FC5 /* TopicDetailSectionView.swift */; };
/* End PBXBuildFile section */

/* Begin PBXFileReference section */
		6A51E85229E05DBA00129910 /* ScrollingHStackModifier.swift */ = {isa = PBXFileReference; lastKnownFileType = sourcecode.swift; path = ScrollingHStackModifier.swift; sourceTree = "<group>"; };
		6A51E85929E0C96400129910 /* data.json */ = {isa = PBXFileReference; lastKnownFileType = text.json; path = data.json; sourceTree = "<group>"; };
		6A51E85C29E0CA2B00129910 /* ApiManager.swift */ = {isa = PBXFileReference; lastKnownFileType = sourcecode.swift; path = ApiManager.swift; sourceTree = "<group>"; };
		6A51E85E29E0CA5500129910 /* TopicResponse.swift */ = {isa = PBXFileReference; lastKnownFileType = sourcecode.swift; path = TopicResponse.swift; sourceTree = "<group>"; };
		6A51E86029E0CCDA00129910 /* DataManager.swift */ = {isa = PBXFileReference; lastKnownFileType = sourcecode.swift; path = DataManager.swift; sourceTree = "<group>"; };
		6A51E86429E4481800129910 /* TopicRowItem.swift */ = {isa = PBXFileReference; lastKnownFileType = sourcecode.swift; path = TopicRowItem.swift; sourceTree = "<group>"; };
		6AC7A35E29DEE534003F8E18 /* ukraine.app */ = {isa = PBXFileReference; explicitFileType = wrapper.application; includeInIndex = 0; path = ukraine.app; sourceTree = BUILT_PRODUCTS_DIR; };
		6AC7A36129DEE534003F8E18 /* ukraineApp.swift */ = {isa = PBXFileReference; lastKnownFileType = sourcecode.swift; path = ukraineApp.swift; sourceTree = "<group>"; };
		6AC7A36329DEE534003F8E18 /* ContentView.swift */ = {isa = PBXFileReference; lastKnownFileType = sourcecode.swift; path = ContentView.swift; sourceTree = "<group>"; };
		6AC7A36529DEE536003F8E18 /* Assets.xcassets */ = {isa = PBXFileReference; lastKnownFileType = folder.assetcatalog; path = Assets.xcassets; sourceTree = "<group>"; };
		6AC7A36829DEE536003F8E18 /* Preview Assets.xcassets */ = {isa = PBXFileReference; lastKnownFileType = folder.assetcatalog; path = "Preview Assets.xcassets"; sourceTree = "<group>"; };
		6AC7A36F29DEE9D1003F8E18 /* TopicDetailView.swift */ = {isa = PBXFileReference; lastKnownFileType = sourcecode.swift; path = TopicDetailView.swift; sourceTree = "<group>"; };
		6AC7A37429DEF380003F8E18 /* WebView.swift */ = {isa = PBXFileReference; lastKnownFileType = sourcecode.swift; path = WebView.swift; sourceTree = "<group>"; };
		6AC7A37629DEF6FD003F8E18 /* TopicModel.swift */ = {isa = PBXFileReference; lastKnownFileType = sourcecode.swift; path = TopicModel.swift; sourceTree = "<group>"; };
		6AC7A37829DEF74D003F8E18 /* SubTopicModel.swift */ = {isa = PBXFileReference; lastKnownFileType = sourcecode.swift; path = SubTopicModel.swift; sourceTree = "<group>"; };
		6AC7A37A29DEFE95003F8E18 /* WebViewModel.swift */ = {isa = PBXFileReference; lastKnownFileType = sourcecode.swift; path = WebViewModel.swift; sourceTree = "<group>"; };
		6AC7A37C29DF02D3003F8E18 /* MockData.swift */ = {isa = PBXFileReference; lastKnownFileType = sourcecode.swift; path = MockData.swift; sourceTree = "<group>"; };
		6AC7A37E29DF0950003F8E18 /* WebViewNavigationBar.swift */ = {isa = PBXFileReference; lastKnownFileType = sourcecode.swift; path = WebViewNavigationBar.swift; sourceTree = "<group>"; };
		6AF52E8329DF1F0D00D49FC5 /* Info.plist */ = {isa = PBXFileReference; lastKnownFileType = text.plist; path = Info.plist; sourceTree = "<group>"; };
		6AF52E8429DF210400D49FC5 /* TopicDetailSectionView.swift */ = {isa = PBXFileReference; lastKnownFileType = sourcecode.swift; path = TopicDetailSectionView.swift; sourceTree = "<group>"; };
/* End PBXFileReference section */

/* Begin PBXFrameworksBuildPhase section */
		6AC7A35B29DEE534003F8E18 /* Frameworks */ = {
			isa = PBXFrameworksBuildPhase;
			buildActionMask = 2147483647;
			files = (
			);
			runOnlyForDeploymentPostprocessing = 0;
		};
/* End PBXFrameworksBuildPhase section */

/* Begin PBXGroup section */
		6A51E85429E05DC500129910 /* Modifiers */ = {
			isa = PBXGroup;
			children = (
				6A51E85229E05DBA00129910 /* ScrollingHStackModifier.swift */,
			);
			path = Modifiers;
			sourceTree = "<group>";
		};
		6A51E85B29E0C9DB00129910 /* Api */ = {
			isa = PBXGroup;
			children = (
				6A51E85C29E0CA2B00129910 /* ApiManager.swift */,
				6A51E86029E0CCDA00129910 /* DataManager.swift */,
			);
			path = Api;
			sourceTree = "<group>";
		};
		6AC7A35529DEE534003F8E18 = {
			isa = PBXGroup;
			children = (
				6AC7A36029DEE534003F8E18 /* ukraine */,
				6AC7A35F29DEE534003F8E18 /* Products */,
			);
			sourceTree = "<group>";
		};
		6AC7A35F29DEE534003F8E18 /* Products */ = {
			isa = PBXGroup;
			children = (
				6AC7A35E29DEE534003F8E18 /* ukraine.app */,
			);
			name = Products;
			sourceTree = "<group>";
		};
		6AC7A36029DEE534003F8E18 /* ukraine */ = {
			isa = PBXGroup;
			children = (
				6A51E85929E0C96400129910 /* data.json */,
				6A51E85B29E0C9DB00129910 /* Api */,
				6A51E85429E05DC500129910 /* Modifiers */,
				6AF52E8329DF1F0D00D49FC5 /* Info.plist */,
				6AC7A37329DEED28003F8E18 /* Views */,
				6AC7A37229DEED21003F8E18 /* ViewModel */,
				6AC7A37129DEED1D003F8E18 /* Model */,
				6AC7A36129DEE534003F8E18 /* ukraineApp.swift */,
				6AC7A36329DEE534003F8E18 /* ContentView.swift */,
				6AC7A36529DEE536003F8E18 /* Assets.xcassets */,
				6AC7A36729DEE536003F8E18 /* Preview Content */,
				6AC7A37C29DF02D3003F8E18 /* MockData.swift */,
				6A51E86429E4481800129910 /* TopicRowItem.swift */,
			);
			path = ukraine;
			sourceTree = "<group>";
		};
		6AC7A36729DEE536003F8E18 /* Preview Content */ = {
			isa = PBXGroup;
			children = (
				6AC7A36829DEE536003F8E18 /* Preview Assets.xcassets */,
			);
			path = "Preview Content";
			sourceTree = "<group>";
		};
		6AC7A37129DEED1D003F8E18 /* Model */ = {
			isa = PBXGroup;
			children = (
				6AC7A37629DEF6FD003F8E18 /* TopicModel.swift */,
				6AC7A37829DEF74D003F8E18 /* SubTopicModel.swift */,
				6A51E85E29E0CA5500129910 /* TopicResponse.swift */,
			);
			path = Model;
			sourceTree = "<group>";
		};
		6AC7A37229DEED21003F8E18 /* ViewModel */ = {
			isa = PBXGroup;
			children = (
				6AC7A37A29DEFE95003F8E18 /* WebViewModel.swift */,
			);
			path = ViewModel;
			sourceTree = "<group>";
		};
		6AC7A37329DEED28003F8E18 /* Views */ = {
			isa = PBXGroup;
			children = (
				6AC7A36F29DEE9D1003F8E18 /* TopicDetailView.swift */,
				6AC7A37429DEF380003F8E18 /* WebView.swift */,
				6AC7A37E29DF0950003F8E18 /* WebViewNavigationBar.swift */,
				6AF52E8429DF210400D49FC5 /* TopicDetailSectionView.swift */,
			);
			path = Views;
			sourceTree = "<group>";
		};
/* End PBXGroup section */

/* Begin PBXNativeTarget section */
		6AC7A35D29DEE534003F8E18 /* ukraine */ = {
			isa = PBXNativeTarget;
			buildConfigurationList = 6AC7A36C29DEE536003F8E18 /* Build configuration list for PBXNativeTarget "ukraine" */;
			buildPhases = (
				6AC7A35A29DEE534003F8E18 /* Sources */,
				6AC7A35B29DEE534003F8E18 /* Frameworks */,
				6AC7A35C29DEE534003F8E18 /* Resources */,
			);
			buildRules = (
			);
			dependencies = (
			);
			name = ukraine;
			productName = ukraine;
			productReference = 6AC7A35E29DEE534003F8E18 /* ukraine.app */;
			productType = "com.apple.product-type.application";
		};
/* End PBXNativeTarget section */

/* Begin PBXProject section */
		6AC7A35629DEE534003F8E18 /* Project object */ = {
			isa = PBXProject;
			attributes = {
				BuildIndependentTargetsInParallel = 1;
				LastSwiftUpdateCheck = 1420;
				LastUpgradeCheck = 1420;
				TargetAttributes = {
					6AC7A35D29DEE534003F8E18 = {
						CreatedOnToolsVersion = 14.2;
					};
				};
			};
			buildConfigurationList = 6AC7A35929DEE534003F8E18 /* Build configuration list for PBXProject "ukraine" */;
			compatibilityVersion = "Xcode 14.0";
			developmentRegion = en;
			hasScannedForEncodings = 0;
			knownRegions = (
				en,
				Base,
			);
			mainGroup = 6AC7A35529DEE534003F8E18;
			productRefGroup = 6AC7A35F29DEE534003F8E18 /* Products */;
			projectDirPath = "";
			projectRoot = "";
			targets = (
				6AC7A35D29DEE534003F8E18 /* ukraine */,
			);
		};
/* End PBXProject section */

/* Begin PBXResourcesBuildPhase section */
		6AC7A35C29DEE534003F8E18 /* Resources */ = {
			isa = PBXResourcesBuildPhase;
			buildActionMask = 2147483647;
			files = (
				6AC7A36929DEE536003F8E18 /* Preview Assets.xcassets in Resources */,
				6A51E85A29E0C96400129910 /* data.json in Resources */,
				6AC7A36629DEE536003F8E18 /* Assets.xcassets in Resources */,
			);
			runOnlyForDeploymentPostprocessing = 0;
		};
/* End PBXResourcesBuildPhase section */

/* Begin PBXSourcesBuildPhase section */
		6AC7A35A29DEE534003F8E18 /* Sources */ = {
			isa = PBXSourcesBuildPhase;
			buildActionMask = 2147483647;
			files = (
				6A51E85329E05DBA00129910 /* ScrollingHStackModifier.swift in Sources */,
				6AC7A37729DEF6FD003F8E18 /* TopicModel.swift in Sources */,
				6A51E86529E4481800129910 /* TopicRowItem.swift in Sources */,
				6AC7A37F29DF0950003F8E18 /* WebViewNavigationBar.swift in Sources */,
				6A51E86129E0CCDA00129910 /* DataManager.swift in Sources */,
				6AC7A37029DEE9D1003F8E18 /* TopicDetailView.swift in Sources */,
				6A51E85F29E0CA5500129910 /* TopicResponse.swift in Sources */,
				6A51E85D29E0CA2B00129910 /* ApiManager.swift in Sources */,
				6AF52E8529DF210400D49FC5 /* TopicDetailSectionView.swift in Sources */,
				6AC7A37929DEF74D003F8E18 /* SubTopicModel.swift in Sources */,
				6AC7A37529DEF380003F8E18 /* WebView.swift in Sources */,
				6AC7A36429DEE534003F8E18 /* ContentView.swift in Sources */,
				6AC7A37D29DF02D3003F8E18 /* MockData.swift in Sources */,
				6AC7A36229DEE534003F8E18 /* ukraineApp.swift in Sources */,
				6AC7A37B29DEFE95003F8E18 /* WebViewModel.swift in Sources */,
			);
			runOnlyForDeploymentPostprocessing = 0;
		};
/* End PBXSourcesBuildPhase section */

/* Begin XCBuildConfiguration section */
		6AC7A36A29DEE536003F8E18 /* Debug */ = {
			isa = XCBuildConfiguration;
			buildSettings = {
				ALWAYS_SEARCH_USER_PATHS = NO;
				CLANG_ANALYZER_NONNULL = YES;
				CLANG_ANALYZER_NUMBER_OBJECT_CONVERSION = YES_AGGRESSIVE;
				CLANG_CXX_LANGUAGE_STANDARD = "gnu++20";
				CLANG_ENABLE_MODULES = YES;
				CLANG_ENABLE_OBJC_ARC = YES;
				CLANG_ENABLE_OBJC_WEAK = YES;
				CLANG_WARN_BLOCK_CAPTURE_AUTORELEASING = YES;
				CLANG_WARN_BOOL_CONVERSION = YES;
				CLANG_WARN_COMMA = YES;
				CLANG_WARN_CONSTANT_CONVERSION = YES;
				CLANG_WARN_DEPRECATED_OBJC_IMPLEMENTATIONS = YES;
				CLANG_WARN_DIRECT_OBJC_ISA_USAGE = YES_ERROR;
				CLANG_WARN_DOCUMENTATION_COMMENTS = YES;
				CLANG_WARN_EMPTY_BODY = YES;
				CLANG_WARN_ENUM_CONVERSION = YES;
				CLANG_WARN_INFINITE_RECURSION = YES;
				CLANG_WARN_INT_CONVERSION = YES;
				CLANG_WARN_NON_LITERAL_NULL_CONVERSION = YES;
				CLANG_WARN_OBJC_IMPLICIT_RETAIN_SELF = YES;
				CLANG_WARN_OBJC_LITERAL_CONVERSION = YES;
				CLANG_WARN_OBJC_ROOT_CLASS = YES_ERROR;
				CLANG_WARN_QUOTED_INCLUDE_IN_FRAMEWORK_HEADER = YES;
				CLANG_WARN_RANGE_LOOP_ANALYSIS = YES;
				CLANG_WARN_STRICT_PROTOTYPES = YES;
				CLANG_WARN_SUSPICIOUS_MOVE = YES;
				CLANG_WARN_UNGUARDED_AVAILABILITY = YES_AGGRESSIVE;
				CLANG_WARN_UNREACHABLE_CODE = YES;
				CLANG_WARN__DUPLICATE_METHOD_MATCH = YES;
				COPY_PHASE_STRIP = NO;
				DEBUG_INFORMATION_FORMAT = dwarf;
				ENABLE_STRICT_OBJC_MSGSEND = YES;
				ENABLE_TESTABILITY = YES;
				GCC_C_LANGUAGE_STANDARD = gnu11;
				GCC_DYNAMIC_NO_PIC = NO;
				GCC_NO_COMMON_BLOCKS = YES;
				GCC_OPTIMIZATION_LEVEL = 0;
				GCC_PREPROCESSOR_DEFINITIONS = (
					"DEBUG=1",
					"$(inherited)",
				);
				GCC_WARN_64_TO_32_BIT_CONVERSION = YES;
				GCC_WARN_ABOUT_RETURN_TYPE = YES_ERROR;
				GCC_WARN_UNDECLARED_SELECTOR = YES;
				GCC_WARN_UNINITIALIZED_AUTOS = YES_AGGRESSIVE;
				GCC_WARN_UNUSED_FUNCTION = YES;
				GCC_WARN_UNUSED_VARIABLE = YES;
				IPHONEOS_DEPLOYMENT_TARGET = 14.0;
				MTL_ENABLE_DEBUG_INFO = INCLUDE_SOURCE;
				MTL_FAST_MATH = YES;
				ONLY_ACTIVE_ARCH = YES;
				SDKROOT = iphoneos;
				SWIFT_ACTIVE_COMPILATION_CONDITIONS = DEBUG;
				SWIFT_OPTIMIZATION_LEVEL = "-Onone";
			};
			name = Debug;
		};
		6AC7A36B29DEE536003F8E18 /* Release */ = {
			isa = XCBuildConfiguration;
			buildSettings = {
				ALWAYS_SEARCH_USER_PATHS = NO;
				CLANG_ANALYZER_NONNULL = YES;
				CLANG_ANALYZER_NUMBER_OBJECT_CONVERSION = YES_AGGRESSIVE;
				CLANG_CXX_LANGUAGE_STANDARD = "gnu++20";
				CLANG_ENABLE_MODULES = YES;
				CLANG_ENABLE_OBJC_ARC = YES;
				CLANG_ENABLE_OBJC_WEAK = YES;
				CLANG_WARN_BLOCK_CAPTURE_AUTORELEASING = YES;
				CLANG_WARN_BOOL_CONVERSION = YES;
				CLANG_WARN_COMMA = YES;
				CLANG_WARN_CONSTANT_CONVERSION = YES;
				CLANG_WARN_DEPRECATED_OBJC_IMPLEMENTATIONS = YES;
				CLANG_WARN_DIRECT_OBJC_ISA_USAGE = YES_ERROR;
				CLANG_WARN_DOCUMENTATION_COMMENTS = YES;
				CLANG_WARN_EMPTY_BODY = YES;
				CLANG_WARN_ENUM_CONVERSION = YES;
				CLANG_WARN_INFINITE_RECURSION = YES;
				CLANG_WARN_INT_CONVERSION = YES;
				CLANG_WARN_NON_LITERAL_NULL_CONVERSION = YES;
				CLANG_WARN_OBJC_IMPLICIT_RETAIN_SELF = YES;
				CLANG_WARN_OBJC_LITERAL_CONVERSION = YES;
				CLANG_WARN_OBJC_ROOT_CLASS = YES_ERROR;
				CLANG_WARN_QUOTED_INCLUDE_IN_FRAMEWORK_HEADER = YES;
				CLANG_WARN_RANGE_LOOP_ANALYSIS = YES;
				CLANG_WARN_STRICT_PROTOTYPES = YES;
				CLANG_WARN_SUSPICIOUS_MOVE = YES;
				CLANG_WARN_UNGUARDED_AVAILABILITY = YES_AGGRESSIVE;
				CLANG_WARN_UNREACHABLE_CODE = YES;
				CLANG_WARN__DUPLICATE_METHOD_MATCH = YES;
				COPY_PHASE_STRIP = NO;
				DEBUG_INFORMATION_FORMAT = "dwarf-with-dsym";
				ENABLE_NS_ASSERTIONS = NO;
				ENABLE_STRICT_OBJC_MSGSEND = YES;
				GCC_C_LANGUAGE_STANDARD = gnu11;
				GCC_NO_COMMON_BLOCKS = YES;
				GCC_WARN_64_TO_32_BIT_CONVERSION = YES;
				GCC_WARN_ABOUT_RETURN_TYPE = YES_ERROR;
				GCC_WARN_UNDECLARED_SELECTOR = YES;
				GCC_WARN_UNINITIALIZED_AUTOS = YES_AGGRESSIVE;
				GCC_WARN_UNUSED_FUNCTION = YES;
				GCC_WARN_UNUSED_VARIABLE = YES;
				IPHONEOS_DEPLOYMENT_TARGET = 14.0;
				MTL_ENABLE_DEBUG_INFO = NO;
				MTL_FAST_MATH = YES;
				SDKROOT = iphoneos;
				SWIFT_COMPILATION_MODE = wholemodule;
				SWIFT_OPTIMIZATION_LEVEL = "-O";
				VALIDATE_PRODUCT = YES;
			};
			name = Release;
		};
		6AC7A36D29DEE536003F8E18 /* Debug */ = {
			isa = XCBuildConfiguration;
			buildSettings = {
				ASSETCATALOG_COMPILER_APPICON_NAME = AppIcon;
				ASSETCATALOG_COMPILER_GLOBAL_ACCENT_COLOR_NAME = AccentColor;
				CODE_SIGN_STYLE = Automatic;
				CURRENT_PROJECT_VERSION = 1;
				DEVELOPMENT_ASSET_PATHS = "\"ukraine/Preview Content\"";
				DEVELOPMENT_TEAM = 96G8B7SJ53;
				ENABLE_PREVIEWS = YES;
				GENERATE_INFOPLIST_FILE = YES;
				INFOPLIST_FILE = ukraine/Info.plist;
				INFOPLIST_KEY_UIApplicationSceneManifest_Generation = YES;
				INFOPLIST_KEY_UIApplicationSupportsIndirectInputEvents = YES;
				INFOPLIST_KEY_UILaunchScreen_Generation = YES;
				INFOPLIST_KEY_UISupportedInterfaceOrientations_iPad = "UIInterfaceOrientationPortrait UIInterfaceOrientationPortraitUpsideDown UIInterfaceOrientationLandscapeLeft UIInterfaceOrientationLandscapeRight";
				INFOPLIST_KEY_UISupportedInterfaceOrientations_iPhone = "UIInterfaceOrientationPortrait UIInterfaceOrientationLandscapeLeft UIInterfaceOrientationLandscapeRight";
				IPHONEOS_DEPLOYMENT_TARGET = 15.0;
				LD_RUNPATH_SEARCH_PATHS = (
					"$(inherited)",
					"@executable_path/Frameworks",
				);
				MARKETING_VERSION = 1.0;
				PRODUCT_BUNDLE_IDENTIFIER = victor.dev.ukraine;
				PRODUCT_NAME = "$(TARGET_NAME)";
				SWIFT_EMIT_LOC_STRINGS = YES;
				SWIFT_VERSION = 5.0;
				TARGETED_DEVICE_FAMILY = "1,2";
			};
			name = Debug;
		};
		6AC7A36E29DEE536003F8E18 /* Release */ = {
			isa = XCBuildConfiguration;
			buildSettings = {
				ASSETCATALOG_COMPILER_APPICON_NAME = AppIcon;
				ASSETCATALOG_COMPILER_GLOBAL_ACCENT_COLOR_NAME = AccentColor;
				CODE_SIGN_STYLE = Automatic;
				CURRENT_PROJECT_VERSION = 1;
				DEVELOPMENT_ASSET_PATHS = "\"ukraine/Preview Content\"";
				DEVELOPMENT_TEAM = 96G8B7SJ53;
				ENABLE_PREVIEWS = YES;
				GENERATE_INFOPLIST_FILE = YES;
				INFOPLIST_FILE = ukraine/Info.plist;
				INFOPLIST_KEY_UIApplicationSceneManifest_Generation = YES;
				INFOPLIST_KEY_UIApplicationSupportsIndirectInputEvents = YES;
				INFOPLIST_KEY_UILaunchScreen_Generation = YES;
				INFOPLIST_KEY_UISupportedInterfaceOrientations_iPad = "UIInterfaceOrientationPortrait UIInterfaceOrientationPortraitUpsideDown UIInterfaceOrientationLandscapeLeft UIInterfaceOrientationLandscapeRight";
				INFOPLIST_KEY_UISupportedInterfaceOrientations_iPhone = "UIInterfaceOrientationPortrait UIInterfaceOrientationLandscapeLeft UIInterfaceOrientationLandscapeRight";
				IPHONEOS_DEPLOYMENT_TARGET = 15.0;
				LD_RUNPATH_SEARCH_PATHS = (
					"$(inherited)",
					"@executable_path/Frameworks",
				);
				MARKETING_VERSION = 1.0;
				PRODUCT_BUNDLE_IDENTIFIER = victor.dev.ukraine;
				PRODUCT_NAME = "$(TARGET_NAME)";
				SWIFT_EMIT_LOC_STRINGS = YES;
				SWIFT_VERSION = 5.0;
				TARGETED_DEVICE_FAMILY = "1,2";
			};
			name = Release;
		};
/* End XCBuildConfiguration section */

/* Begin XCConfigurationList section */
		6AC7A35929DEE534003F8E18 /* Build configuration list for PBXProject "ukraine" */ = {
			isa = XCConfigurationList;
			buildConfigurations = (
				6AC7A36A29DEE536003F8E18 /* Debug */,
				6AC7A36B29DEE536003F8E18 /* Release */,
			);
			defaultConfigurationIsVisible = 0;
			defaultConfigurationName = Release;
		};
		6AC7A36C29DEE536003F8E18 /* Build configuration list for PBXNativeTarget "ukraine" */ = {
			isa = XCConfigurationList;
			buildConfigurations = (
				6AC7A36D29DEE536003F8E18 /* Debug */,
				6AC7A36E29DEE536003F8E18 /* Release */,
			);
			defaultConfigurationIsVisible = 0;
			defaultConfigurationName = Release;
		};
/* End XCConfigurationList section */
	};
	rootObject = 6AC7A35629DEE534003F8E18 /* Project object */;
}
