// !$*UTF8*$!
{
	archiveVersion = 1;
	classes = {
	};
	objectVersion = 56;
	objects = {

/* Begin PBXBuildFile section */
		6A1415C42A06A0F200AA94AA /* UIApplicationExtension.swift in Sources */ = {isa = PBXBuildFile; fileRef = 6A1415C32A06A0F200AA94AA /* UIApplicationExtension.swift */; };
		6A2AC5BB29EC912700283AE8 /* TopicScrollView.swift in Sources */ = {isa = PBXBuildFile; fileRef = 6A2AC5BA29EC912700283AE8 /* TopicScrollView.swift */; };
		6A2AC5BD29EC91E100283AE8 /* TopicCardView.swift in Sources */ = {isa = PBXBuildFile; fileRef = 6A2AC5BC29EC91E100283AE8 /* TopicCardView.swift */; };
		6A2AC5C129EC934D00283AE8 /* CommunityScrollView.swift in Sources */ = {isa = PBXBuildFile; fileRef = 6A2AC5C029EC934D00283AE8 /* CommunityScrollView.swift */; };
		6A2AC5C329EC943200283AE8 /* CommunityCardView.swift in Sources */ = {isa = PBXBuildFile; fileRef = 6A2AC5C229EC943200283AE8 /* CommunityCardView.swift */; };
		6A2AC5C629EC94DC00283AE8 /* EmergencyListView.swift in Sources */ = {isa = PBXBuildFile; fileRef = 6A2AC5C529EC94DC00283AE8 /* EmergencyListView.swift */; };
		6A52812F2A0D9E04006C6AD0 /* Localizable.strings in Resources */ = {isa = PBXBuildFile; fileRef = 6A5281312A0D9E04006C6AD0 /* Localizable.strings */; };
		6A5281382A0E7B6D006C6AD0 /* LocalizeHelper.swift in Sources */ = {isa = PBXBuildFile; fileRef = 6A5281372A0E7B6D006C6AD0 /* LocalizeHelper.swift */; };
		6A5A90B329E8942A0054E6E3 /* TopicRepository.swift in Sources */ = {isa = PBXBuildFile; fileRef = 6A5A90B229E8942A0054E6E3 /* TopicRepository.swift */; };
		6A5A90B529E895350054E6E3 /* TopicListViewModel.swift in Sources */ = {isa = PBXBuildFile; fileRef = 6A5A90B429E895350054E6E3 /* TopicListViewModel.swift */; };
		6A5A90B729E89BA50054E6E3 /* TopicViewModel.swift in Sources */ = {isa = PBXBuildFile; fileRef = 6A5A90B629E89BA50054E6E3 /* TopicViewModel.swift */; };
		6A5A90BA29EC761E0054E6E3 /* FirestoreRepository.swift in Sources */ = {isa = PBXBuildFile; fileRef = 6A5A90B929EC761E0054E6E3 /* FirestoreRepository.swift */; };
		6A5A90BE29EC7C5C0054E6E3 /* CommunitiesRepository.swift in Sources */ = {isa = PBXBuildFile; fileRef = 6A5A90BD29EC7C5C0054E6E3 /* CommunitiesRepository.swift */; };
		6A5A90C229EC7E730054E6E3 /* CommunityViewModel.swift in Sources */ = {isa = PBXBuildFile; fileRef = 6A5A90C129EC7E730054E6E3 /* CommunityViewModel.swift */; };
		6A5A90C429EC7E7B0054E6E3 /* CommunityListViewModel.swift in Sources */ = {isa = PBXBuildFile; fileRef = 6A5A90C329EC7E7B0054E6E3 /* CommunityListViewModel.swift */; };
		6A5A90C729EC862C0054E6E3 /* EmergencyNumberViewModel.swift in Sources */ = {isa = PBXBuildFile; fileRef = 6A5A90C629EC862C0054E6E3 /* EmergencyNumberViewModel.swift */; };
		6A5A90C929EC86420054E6E3 /* EmergencyNumberListViewModel.swift in Sources */ = {isa = PBXBuildFile; fileRef = 6A5A90C829EC86420054E6E3 /* EmergencyNumberListViewModel.swift */; };
		6A5A90CB29EC86890054E6E3 /* EmergencyNumberRepository.swift in Sources */ = {isa = PBXBuildFile; fileRef = 6A5A90CA29EC86890054E6E3 /* EmergencyNumberRepository.swift */; };
		6A5A90CD29EC8C140054E6E3 /* CommunityModel.swift in Sources */ = {isa = PBXBuildFile; fileRef = 6A5A90CC29EC8C140054E6E3 /* CommunityModel.swift */; };
		6A5A90CF29EC8C310054E6E3 /* EmergencyNumbersModel.swift in Sources */ = {isa = PBXBuildFile; fileRef = 6A5A90CE29EC8C310054E6E3 /* EmergencyNumbersModel.swift */; };
		6A9EDE252A093C4B0003FF96 /* AboutView.swift in Sources */ = {isa = PBXBuildFile; fileRef = 6A9EDE242A093C4B0003FF96 /* AboutView.swift */; };
		6AC7A36229DEE534003F8E18 /* UkraineApp.swift in Sources */ = {isa = PBXBuildFile; fileRef = 6AC7A36129DEE534003F8E18 /* UkraineApp.swift */; };
		6AC7A36429DEE534003F8E18 /* ForUkrainiansView.swift in Sources */ = {isa = PBXBuildFile; fileRef = 6AC7A36329DEE534003F8E18 /* ForUkrainiansView.swift */; };
		6AC7A36629DEE536003F8E18 /* Assets.xcassets in Resources */ = {isa = PBXBuildFile; fileRef = 6AC7A36529DEE536003F8E18 /* Assets.xcassets */; };
		6AC7A36929DEE536003F8E18 /* Preview Assets.xcassets in Resources */ = {isa = PBXBuildFile; fileRef = 6AC7A36829DEE536003F8E18 /* Preview Assets.xcassets */; };
		6AC7A37029DEE9D1003F8E18 /* TopicDetailView.swift in Sources */ = {isa = PBXBuildFile; fileRef = 6AC7A36F29DEE9D1003F8E18 /* TopicDetailView.swift */; };
		6AC7A37529DEF380003F8E18 /* WebView.swift in Sources */ = {isa = PBXBuildFile; fileRef = 6AC7A37429DEF380003F8E18 /* WebView.swift */; };
		6AC7A37729DEF6FD003F8E18 /* TopicModel.swift in Sources */ = {isa = PBXBuildFile; fileRef = 6AC7A37629DEF6FD003F8E18 /* TopicModel.swift */; };
		6AC7A37929DEF74D003F8E18 /* SubTopicModel.swift in Sources */ = {isa = PBXBuildFile; fileRef = 6AC7A37829DEF74D003F8E18 /* SubTopicModel.swift */; };
		6AC7A37B29DEFE95003F8E18 /* WebViewModel.swift in Sources */ = {isa = PBXBuildFile; fileRef = 6AC7A37A29DEFE95003F8E18 /* WebViewModel.swift */; };
		6AC7A37F29DF0950003F8E18 /* WebViewNavigationBar.swift in Sources */ = {isa = PBXBuildFile; fileRef = 6AC7A37E29DF0950003F8E18 /* WebViewNavigationBar.swift */; };
		6AE1DEEC2A0147D70040F8C2 /* ForSwedesView.swift in Sources */ = {isa = PBXBuildFile; fileRef = 6AE1DEEB2A0147D70040F8C2 /* ForSwedesView.swift */; };
		6AE1DEEE2A02833A0040F8C2 /* TopicsForSwedesRepository.swift in Sources */ = {isa = PBXBuildFile; fileRef = 6AE1DEED2A02833A0040F8C2 /* TopicsForSwedesRepository.swift */; };
		6AE1DEF02A0284F20040F8C2 /* TopicForSwedesViewModel.swift in Sources */ = {isa = PBXBuildFile; fileRef = 6AE1DEEF2A0284F20040F8C2 /* TopicForSwedesViewModel.swift */; };
		6AE1DEF32A02850C0040F8C2 /* TopicForSwedesListViewModel.swift in Sources */ = {isa = PBXBuildFile; fileRef = 6AE1DEF22A02850C0040F8C2 /* TopicForSwedesListViewModel.swift */; };
		6AE1DEF52A0293420040F8C2 /* SettingsView.swift in Sources */ = {isa = PBXBuildFile; fileRef = 6AE1DEF42A0293420040F8C2 /* SettingsView.swift */; };
		6AE2C27D2A0826490089D5A1 /* NavigationBarModifier.swift in Sources */ = {isa = PBXBuildFile; fileRef = 6AE2C27C2A0826490089D5A1 /* NavigationBarModifier.swift */; };
		6AE2C2812A0828CF0089D5A1 /* BackgroundModifier.swift in Sources */ = {isa = PBXBuildFile; fileRef = 6AE2C2802A0828CF0089D5A1 /* BackgroundModifier.swift */; };
		6AE8DA1A29E747B9009054B6 /* GoogleService-Info.plist in Resources */ = {isa = PBXBuildFile; fileRef = 6AE8DA1929E747B9009054B6 /* GoogleService-Info.plist */; };
		6AE8DA1D29E74974009054B6 /* FirebaseFirestore in Frameworks */ = {isa = PBXBuildFile; productRef = 6AE8DA1C29E74974009054B6 /* FirebaseFirestore */; };
		6AE8DA1F29E74974009054B6 /* FirebaseFirestoreCombine-Community in Frameworks */ = {isa = PBXBuildFile; productRef = 6AE8DA1E29E74974009054B6 /* FirebaseFirestoreCombine-Community */; };
		6AE8DA2129E74974009054B6 /* FirebaseFirestoreSwift in Frameworks */ = {isa = PBXBuildFile; productRef = 6AE8DA2029E74974009054B6 /* FirebaseFirestoreSwift */; };
		6AF52E8529DF210400D49FC5 /* TopicDetailSectionView.swift in Sources */ = {isa = PBXBuildFile; fileRef = 6AF52E8429DF210400D49FC5 /* TopicDetailSectionView.swift */; };
		E90534BE2A1A66830018BBEE /* ukraineTests.swift in Sources */ = {isa = PBXBuildFile; fileRef = E9F678E42A1A60AC00BB6E76 /* ukraineTests.swift */; };
		E92F04872A1A6D92007FB18A /* FirestoreRepository.swift in Sources */ = {isa = PBXBuildFile; fileRef = 6A5A90B929EC761E0054E6E3 /* FirestoreRepository.swift */; };
		E92F04882A1A6DA9007FB18A /* Localizable.strings in Resources */ = {isa = PBXBuildFile; fileRef = 6A5281312A0D9E04006C6AD0 /* Localizable.strings */; };
		E92F04892A1A6DAF007FB18A /* LocalizeHelper.swift in Sources */ = {isa = PBXBuildFile; fileRef = 6A5281372A0E7B6D006C6AD0 /* LocalizeHelper.swift */; };
		E92F048A2A1A6DB2007FB18A /* UIApplicationExtension.swift in Sources */ = {isa = PBXBuildFile; fileRef = 6A1415C32A06A0F200AA94AA /* UIApplicationExtension.swift */; };
		E92F048B2A1A6DBE007FB18A /* NavigationBarModifier.swift in Sources */ = {isa = PBXBuildFile; fileRef = 6AE2C27C2A0826490089D5A1 /* NavigationBarModifier.swift */; };
		E92F048C2A1A6DC1007FB18A /* BackgroundModifier.swift in Sources */ = {isa = PBXBuildFile; fileRef = 6AE2C2802A0828CF0089D5A1 /* BackgroundModifier.swift */; };
		E92F048D2A1A6DC5007FB18A /* AboutView.swift in Sources */ = {isa = PBXBuildFile; fileRef = 6A9EDE242A093C4B0003FF96 /* AboutView.swift */; };
		E92F048E2A1A6DC5007FB18A /* SettingsView.swift in Sources */ = {isa = PBXBuildFile; fileRef = 6AE1DEF42A0293420040F8C2 /* SettingsView.swift */; };
		E92F048F2A1A6DC5007FB18A /* ForUkrainiansView.swift in Sources */ = {isa = PBXBuildFile; fileRef = 6AC7A36329DEE534003F8E18 /* ForUkrainiansView.swift */; };
		E92F04902A1A6DC5007FB18A /* ForSwedesView.swift in Sources */ = {isa = PBXBuildFile; fileRef = 6AE1DEEB2A0147D70040F8C2 /* ForSwedesView.swift */; };
		E92F04912A1A6DC8007FB18A /* EmergencyListView.swift in Sources */ = {isa = PBXBuildFile; fileRef = 6A2AC5C529EC94DC00283AE8 /* EmergencyListView.swift */; };
		E92F04922A1A6DCB007FB18A /* CommunityCardView.swift in Sources */ = {isa = PBXBuildFile; fileRef = 6A2AC5C229EC943200283AE8 /* CommunityCardView.swift */; };
		E92F04932A1A6DCB007FB18A /* CommunityScrollView.swift in Sources */ = {isa = PBXBuildFile; fileRef = 6A2AC5C029EC934D00283AE8 /* CommunityScrollView.swift */; };
		E92F04942A1A6DD0007FB18A /* TopicScrollView.swift in Sources */ = {isa = PBXBuildFile; fileRef = 6A2AC5BA29EC912700283AE8 /* TopicScrollView.swift */; };
		E92F04952A1A6DD0007FB18A /* TopicCardView.swift in Sources */ = {isa = PBXBuildFile; fileRef = 6A2AC5BC29EC91E100283AE8 /* TopicCardView.swift */; };
		E92F04962A1A6DD0007FB18A /* TopicDetailView.swift in Sources */ = {isa = PBXBuildFile; fileRef = 6AC7A36F29DEE9D1003F8E18 /* TopicDetailView.swift */; };
		E92F04972A1A6DD0007FB18A /* TopicDetailSectionView.swift in Sources */ = {isa = PBXBuildFile; fileRef = 6AF52E8429DF210400D49FC5 /* TopicDetailSectionView.swift */; };
		E92F04982A1A6DD4007FB18A /* WebViewNavigationBar.swift in Sources */ = {isa = PBXBuildFile; fileRef = 6AC7A37E29DF0950003F8E18 /* WebViewNavigationBar.swift */; };
		E92F04992A1A6DD4007FB18A /* WebView.swift in Sources */ = {isa = PBXBuildFile; fileRef = 6AC7A37429DEF380003F8E18 /* WebView.swift */; };
		E92F049A2A1A6DF8007FB18A /* MockData.swift in Sources */ = {isa = PBXBuildFile; fileRef = E9F678DC2A191C0400BB6E76 /* MockData.swift */; };
		E9F678DD2A191C0400BB6E76 /* MockData.swift in Sources */ = {isa = PBXBuildFile; fileRef = E9F678DC2A191C0400BB6E76 /* MockData.swift */; };
		E9F678EB2A1A60D900BB6E76 /* TopicForSwedesViewModel.swift in Sources */ = {isa = PBXBuildFile; fileRef = 6AE1DEEF2A0284F20040F8C2 /* TopicForSwedesViewModel.swift */; };
		E9F678EC2A1A60D900BB6E76 /* TopicForSwedesListViewModel.swift in Sources */ = {isa = PBXBuildFile; fileRef = 6AE1DEF22A02850C0040F8C2 /* TopicForSwedesListViewModel.swift */; };
		E9F678ED2A1A60DD00BB6E76 /* EmergencyNumberListViewModel.swift in Sources */ = {isa = PBXBuildFile; fileRef = 6A5A90C829EC86420054E6E3 /* EmergencyNumberListViewModel.swift */; };
		E9F678EE2A1A60DD00BB6E76 /* EmergencyNumberViewModel.swift in Sources */ = {isa = PBXBuildFile; fileRef = 6A5A90C629EC862C0054E6E3 /* EmergencyNumberViewModel.swift */; };
		E9F678EF2A1A60E000BB6E76 /* CommunityListViewModel.swift in Sources */ = {isa = PBXBuildFile; fileRef = 6A5A90C329EC7E7B0054E6E3 /* CommunityListViewModel.swift */; };
		E9F678F02A1A60E000BB6E76 /* CommunityViewModel.swift in Sources */ = {isa = PBXBuildFile; fileRef = 6A5A90C129EC7E730054E6E3 /* CommunityViewModel.swift */; };
		E9F678F12A1A60E300BB6E76 /* TopicListViewModel.swift in Sources */ = {isa = PBXBuildFile; fileRef = 6A5A90B429E895350054E6E3 /* TopicListViewModel.swift */; };
		E9F678F22A1A60E300BB6E76 /* TopicViewModel.swift in Sources */ = {isa = PBXBuildFile; fileRef = 6A5A90B629E89BA50054E6E3 /* TopicViewModel.swift */; };
		E9F678F32A1A60E300BB6E76 /* WebViewModel.swift in Sources */ = {isa = PBXBuildFile; fileRef = 6AC7A37A29DEFE95003F8E18 /* WebViewModel.swift */; };
		E9F678F42A1A60E700BB6E76 /* TopicModel.swift in Sources */ = {isa = PBXBuildFile; fileRef = 6AC7A37629DEF6FD003F8E18 /* TopicModel.swift */; };
		E9F678F52A1A60E700BB6E76 /* EmergencyNumbersModel.swift in Sources */ = {isa = PBXBuildFile; fileRef = 6A5A90CE29EC8C310054E6E3 /* EmergencyNumbersModel.swift */; };
		E9F678F62A1A60E700BB6E76 /* SubTopicModel.swift in Sources */ = {isa = PBXBuildFile; fileRef = 6AC7A37829DEF74D003F8E18 /* SubTopicModel.swift */; };
		E9F678F72A1A60E700BB6E76 /* CommunityModel.swift in Sources */ = {isa = PBXBuildFile; fileRef = 6A5A90CC29EC8C140054E6E3 /* CommunityModel.swift */; };
		E9F678F82A1A60EB00BB6E76 /* UkraineApp.swift in Sources */ = {isa = PBXBuildFile; fileRef = 6AC7A36129DEE534003F8E18 /* UkraineApp.swift */; };
		E9F678FE2A1A60F100BB6E76 /* CommunitiesRepository.swift in Sources */ = {isa = PBXBuildFile; fileRef = 6A5A90BD29EC7C5C0054E6E3 /* CommunitiesRepository.swift */; };
		E9F678FF2A1A60F100BB6E76 /* TopicRepository.swift in Sources */ = {isa = PBXBuildFile; fileRef = 6A5A90B229E8942A0054E6E3 /* TopicRepository.swift */; };
		E9F679002A1A60F100BB6E76 /* EmergencyNumberRepository.swift in Sources */ = {isa = PBXBuildFile; fileRef = 6A5A90CA29EC86890054E6E3 /* EmergencyNumberRepository.swift */; };
		E9F679012A1A60F100BB6E76 /* TopicsForSwedesRepository.swift in Sources */ = {isa = PBXBuildFile; fileRef = 6AE1DEED2A02833A0040F8C2 /* TopicsForSwedesRepository.swift */; };
/* End PBXBuildFile section */

/* Begin PBXContainerItemProxy section */
		E9F678E62A1A60AC00BB6E76 /* PBXContainerItemProxy */ = {
			isa = PBXContainerItemProxy;
			containerPortal = 6AC7A35629DEE534003F8E18 /* Project object */;
			proxyType = 1;
			remoteGlobalIDString = 6AC7A35D29DEE534003F8E18;
			remoteInfo = ukraine;
		};
/* End PBXContainerItemProxy section */

/* Begin PBXFileReference section */
		6A1415C32A06A0F200AA94AA /* UIApplicationExtension.swift */ = {isa = PBXFileReference; lastKnownFileType = sourcecode.swift; path = UIApplicationExtension.swift; sourceTree = "<group>"; };
		6A2AC5BA29EC912700283AE8 /* TopicScrollView.swift */ = {isa = PBXFileReference; lastKnownFileType = sourcecode.swift; path = TopicScrollView.swift; sourceTree = "<group>"; };
		6A2AC5BC29EC91E100283AE8 /* TopicCardView.swift */ = {isa = PBXFileReference; lastKnownFileType = sourcecode.swift; path = TopicCardView.swift; sourceTree = "<group>"; };
		6A2AC5C029EC934D00283AE8 /* CommunityScrollView.swift */ = {isa = PBXFileReference; lastKnownFileType = sourcecode.swift; path = CommunityScrollView.swift; sourceTree = "<group>"; };
		6A2AC5C229EC943200283AE8 /* CommunityCardView.swift */ = {isa = PBXFileReference; lastKnownFileType = sourcecode.swift; path = CommunityCardView.swift; sourceTree = "<group>"; };
		6A2AC5C529EC94DC00283AE8 /* EmergencyListView.swift */ = {isa = PBXFileReference; lastKnownFileType = sourcecode.swift; path = EmergencyListView.swift; sourceTree = "<group>"; };
		6A5281302A0D9E04006C6AD0 /* en */ = {isa = PBXFileReference; lastKnownFileType = text.plist.strings; name = en; path = en.lproj/Localizable.strings; sourceTree = "<group>"; };
		6A5281322A0D9E07006C6AD0 /* sv */ = {isa = PBXFileReference; lastKnownFileType = text.plist.strings; name = sv; path = sv.lproj/Localizable.strings; sourceTree = "<group>"; };
		6A5281332A0D9E08006C6AD0 /* uk */ = {isa = PBXFileReference; lastKnownFileType = text.plist.strings; name = uk; path = uk.lproj/Localizable.strings; sourceTree = "<group>"; };
		6A5281372A0E7B6D006C6AD0 /* LocalizeHelper.swift */ = {isa = PBXFileReference; lastKnownFileType = sourcecode.swift; path = LocalizeHelper.swift; sourceTree = "<group>"; };
		6A5A90B229E8942A0054E6E3 /* TopicRepository.swift */ = {isa = PBXFileReference; lastKnownFileType = sourcecode.swift; path = TopicRepository.swift; sourceTree = "<group>"; };
		6A5A90B429E895350054E6E3 /* TopicListViewModel.swift */ = {isa = PBXFileReference; lastKnownFileType = sourcecode.swift; path = TopicListViewModel.swift; sourceTree = "<group>"; };
		6A5A90B629E89BA50054E6E3 /* TopicViewModel.swift */ = {isa = PBXFileReference; lastKnownFileType = sourcecode.swift; path = TopicViewModel.swift; sourceTree = "<group>"; };
		6A5A90B929EC761E0054E6E3 /* FirestoreRepository.swift */ = {isa = PBXFileReference; lastKnownFileType = sourcecode.swift; path = FirestoreRepository.swift; sourceTree = "<group>"; };
		6A5A90BD29EC7C5C0054E6E3 /* CommunitiesRepository.swift */ = {isa = PBXFileReference; lastKnownFileType = sourcecode.swift; path = CommunitiesRepository.swift; sourceTree = "<group>"; };
		6A5A90C129EC7E730054E6E3 /* CommunityViewModel.swift */ = {isa = PBXFileReference; lastKnownFileType = sourcecode.swift; path = CommunityViewModel.swift; sourceTree = "<group>"; };
		6A5A90C329EC7E7B0054E6E3 /* CommunityListViewModel.swift */ = {isa = PBXFileReference; lastKnownFileType = sourcecode.swift; path = CommunityListViewModel.swift; sourceTree = "<group>"; };
		6A5A90C629EC862C0054E6E3 /* EmergencyNumberViewModel.swift */ = {isa = PBXFileReference; lastKnownFileType = sourcecode.swift; path = EmergencyNumberViewModel.swift; sourceTree = "<group>"; };
		6A5A90C829EC86420054E6E3 /* EmergencyNumberListViewModel.swift */ = {isa = PBXFileReference; lastKnownFileType = sourcecode.swift; path = EmergencyNumberListViewModel.swift; sourceTree = "<group>"; };
		6A5A90CA29EC86890054E6E3 /* EmergencyNumberRepository.swift */ = {isa = PBXFileReference; lastKnownFileType = sourcecode.swift; path = EmergencyNumberRepository.swift; sourceTree = "<group>"; };
		6A5A90CC29EC8C140054E6E3 /* CommunityModel.swift */ = {isa = PBXFileReference; lastKnownFileType = sourcecode.swift; path = CommunityModel.swift; sourceTree = "<group>"; };
		6A5A90CE29EC8C310054E6E3 /* EmergencyNumbersModel.swift */ = {isa = PBXFileReference; lastKnownFileType = sourcecode.swift; path = EmergencyNumbersModel.swift; sourceTree = "<group>"; };
		6A9EDE242A093C4B0003FF96 /* AboutView.swift */ = {isa = PBXFileReference; lastKnownFileType = sourcecode.swift; path = AboutView.swift; sourceTree = "<group>"; };
		6AC7A35E29DEE534003F8E18 /* ukraine.app */ = {isa = PBXFileReference; explicitFileType = wrapper.application; includeInIndex = 0; path = ukraine.app; sourceTree = BUILT_PRODUCTS_DIR; };
		6AC7A36129DEE534003F8E18 /* UkraineApp.swift */ = {isa = PBXFileReference; lastKnownFileType = sourcecode.swift; path = UkraineApp.swift; sourceTree = "<group>"; };
		6AC7A36329DEE534003F8E18 /* ForUkrainiansView.swift */ = {isa = PBXFileReference; lastKnownFileType = sourcecode.swift; path = ForUkrainiansView.swift; sourceTree = "<group>"; };
		6AC7A36529DEE536003F8E18 /* Assets.xcassets */ = {isa = PBXFileReference; lastKnownFileType = folder.assetcatalog; path = Assets.xcassets; sourceTree = "<group>"; };
		6AC7A36829DEE536003F8E18 /* Preview Assets.xcassets */ = {isa = PBXFileReference; lastKnownFileType = folder.assetcatalog; path = "Preview Assets.xcassets"; sourceTree = "<group>"; };
		6AC7A36F29DEE9D1003F8E18 /* TopicDetailView.swift */ = {isa = PBXFileReference; lastKnownFileType = sourcecode.swift; path = TopicDetailView.swift; sourceTree = "<group>"; };
		6AC7A37429DEF380003F8E18 /* WebView.swift */ = {isa = PBXFileReference; lastKnownFileType = sourcecode.swift; path = WebView.swift; sourceTree = "<group>"; };
		6AC7A37629DEF6FD003F8E18 /* TopicModel.swift */ = {isa = PBXFileReference; lastKnownFileType = sourcecode.swift; path = TopicModel.swift; sourceTree = "<group>"; };
		6AC7A37829DEF74D003F8E18 /* SubTopicModel.swift */ = {isa = PBXFileReference; lastKnownFileType = sourcecode.swift; path = SubTopicModel.swift; sourceTree = "<group>"; };
		6AC7A37A29DEFE95003F8E18 /* WebViewModel.swift */ = {isa = PBXFileReference; lastKnownFileType = sourcecode.swift; path = WebViewModel.swift; sourceTree = "<group>"; };
		6AC7A37E29DF0950003F8E18 /* WebViewNavigationBar.swift */ = {isa = PBXFileReference; lastKnownFileType = sourcecode.swift; path = WebViewNavigationBar.swift; sourceTree = "<group>"; };
		6AE1DEEB2A0147D70040F8C2 /* ForSwedesView.swift */ = {isa = PBXFileReference; lastKnownFileType = sourcecode.swift; path = ForSwedesView.swift; sourceTree = "<group>"; };
		6AE1DEED2A02833A0040F8C2 /* TopicsForSwedesRepository.swift */ = {isa = PBXFileReference; lastKnownFileType = sourcecode.swift; path = TopicsForSwedesRepository.swift; sourceTree = "<group>"; };
		6AE1DEEF2A0284F20040F8C2 /* TopicForSwedesViewModel.swift */ = {isa = PBXFileReference; lastKnownFileType = sourcecode.swift; path = TopicForSwedesViewModel.swift; sourceTree = "<group>"; };
		6AE1DEF22A02850C0040F8C2 /* TopicForSwedesListViewModel.swift */ = {isa = PBXFileReference; lastKnownFileType = sourcecode.swift; path = TopicForSwedesListViewModel.swift; sourceTree = "<group>"; };
		6AE1DEF42A0293420040F8C2 /* SettingsView.swift */ = {isa = PBXFileReference; lastKnownFileType = sourcecode.swift; path = SettingsView.swift; sourceTree = "<group>"; };
		6AE2C27C2A0826490089D5A1 /* NavigationBarModifier.swift */ = {isa = PBXFileReference; lastKnownFileType = sourcecode.swift; path = NavigationBarModifier.swift; sourceTree = "<group>"; };
		6AE2C2802A0828CF0089D5A1 /* BackgroundModifier.swift */ = {isa = PBXFileReference; lastKnownFileType = sourcecode.swift; path = BackgroundModifier.swift; sourceTree = "<group>"; };
		6AE8DA1929E747B9009054B6 /* GoogleService-Info.plist */ = {isa = PBXFileReference; fileEncoding = 4; lastKnownFileType = text.plist.xml; path = "GoogleService-Info.plist"; sourceTree = "<group>"; };
		6AF52E8329DF1F0D00D49FC5 /* Info.plist */ = {isa = PBXFileReference; lastKnownFileType = text.plist; path = Info.plist; sourceTree = "<group>"; };
		6AF52E8429DF210400D49FC5 /* TopicDetailSectionView.swift */ = {isa = PBXFileReference; lastKnownFileType = sourcecode.swift; path = TopicDetailSectionView.swift; sourceTree = "<group>"; };
		E9F678DC2A191C0400BB6E76 /* MockData.swift */ = {isa = PBXFileReference; lastKnownFileType = sourcecode.swift; path = MockData.swift; sourceTree = "<group>"; };
		E9F678E22A1A60AC00BB6E76 /* ukraineTests.xctest */ = {isa = PBXFileReference; explicitFileType = wrapper.cfbundle; includeInIndex = 0; path = ukraineTests.xctest; sourceTree = BUILT_PRODUCTS_DIR; };
		E9F678E42A1A60AC00BB6E76 /* ukraineTests.swift */ = {isa = PBXFileReference; lastKnownFileType = sourcecode.swift; path = ukraineTests.swift; sourceTree = "<group>"; };
/* End PBXFileReference section */

/* Begin PBXFrameworksBuildPhase section */
		6AC7A35B29DEE534003F8E18 /* Frameworks */ = {
			isa = PBXFrameworksBuildPhase;
			buildActionMask = 2147483647;
			files = (
				6AE8DA1D29E74974009054B6 /* FirebaseFirestore in Frameworks */,
				6AE8DA1F29E74974009054B6 /* FirebaseFirestoreCombine-Community in Frameworks */,
				6AE8DA2129E74974009054B6 /* FirebaseFirestoreSwift in Frameworks */,
			);
			runOnlyForDeploymentPostprocessing = 0;
		};
		E9F678DF2A1A60AC00BB6E76 /* Frameworks */ = {
			isa = PBXFrameworksBuildPhase;
			buildActionMask = 2147483647;
			files = (
			);
			runOnlyForDeploymentPostprocessing = 0;
		};
/* End PBXFrameworksBuildPhase section */

/* Begin PBXGroup section */
		6A1415C22A06A0DA00AA94AA /* Extensions */ = {
			isa = PBXGroup;
			children = (
				6A1415C32A06A0F200AA94AA /* UIApplicationExtension.swift */,
			);
			path = Extensions;
			sourceTree = "<group>";
		};
		6A2AC5BE29EC92F900283AE8 /* Topic */ = {
			isa = PBXGroup;
			children = (
				6AC7A36F29DEE9D1003F8E18 /* TopicDetailView.swift */,
				6AF52E8429DF210400D49FC5 /* TopicDetailSectionView.swift */,
				6A2AC5BA29EC912700283AE8 /* TopicScrollView.swift */,
				6A2AC5BC29EC91E100283AE8 /* TopicCardView.swift */,
			);
			path = Topic;
			sourceTree = "<group>";
		};
		6A2AC5BF29EC933B00283AE8 /* Community */ = {
			isa = PBXGroup;
			children = (
				6A2AC5C029EC934D00283AE8 /* CommunityScrollView.swift */,
				6A2AC5C229EC943200283AE8 /* CommunityCardView.swift */,
			);
			path = Community;
			sourceTree = "<group>";
		};
		6A2AC5C429EC94CA00283AE8 /* EmergencyNumbers */ = {
			isa = PBXGroup;
			children = (
				6A2AC5C529EC94DC00283AE8 /* EmergencyListView.swift */,
			);
			path = EmergencyNumbers;
			sourceTree = "<group>";
		};
		6A51E85429E05DC500129910 /* Modifiers */ = {
			isa = PBXGroup;
			children = (
				6AE2C27C2A0826490089D5A1 /* NavigationBarModifier.swift */,
				6AE2C2802A0828CF0089D5A1 /* BackgroundModifier.swift */,
			);
			path = Modifiers;
			sourceTree = "<group>";
		};
		6A52812C2A0D9DE0006C6AD0 /* Localization */ = {
			isa = PBXGroup;
			children = (
				6A5281312A0D9E04006C6AD0 /* Localizable.strings */,
				6A5281372A0E7B6D006C6AD0 /* LocalizeHelper.swift */,
			);
			path = Localization;
			sourceTree = "<group>";
		};
		6A5A90B129E8941B0054E6E3 /* Repository */ = {
			isa = PBXGroup;
			children = (
				6A5A90B229E8942A0054E6E3 /* TopicRepository.swift */,
				6A5A90BD29EC7C5C0054E6E3 /* CommunitiesRepository.swift */,
				6A5A90CA29EC86890054E6E3 /* EmergencyNumberRepository.swift */,
				6AE1DEED2A02833A0040F8C2 /* TopicsForSwedesRepository.swift */,
			);
			path = Repository;
			sourceTree = "<group>";
		};
		6A5A90B829EC76080054E6E3 /* Protocols */ = {
			isa = PBXGroup;
			children = (
				6A5A90B929EC761E0054E6E3 /* FirestoreRepository.swift */,
			);
			path = Protocols;
			sourceTree = "<group>";
		};
		6A5A90BF29EC7E460054E6E3 /* Topic */ = {
			isa = PBXGroup;
			children = (
				6A5A90B429E895350054E6E3 /* TopicListViewModel.swift */,
				6A5A90B629E89BA50054E6E3 /* TopicViewModel.swift */,
			);
			path = Topic;
			sourceTree = "<group>";
		};
		6A5A90C029EC7E5E0054E6E3 /* Communities */ = {
			isa = PBXGroup;
			children = (
				6A5A90C129EC7E730054E6E3 /* CommunityViewModel.swift */,
				6A5A90C329EC7E7B0054E6E3 /* CommunityListViewModel.swift */,
			);
			path = Communities;
			sourceTree = "<group>";
		};
		6A5A90C529EC86160054E6E3 /* EmergencyNumbers */ = {
			isa = PBXGroup;
			children = (
				6A5A90C629EC862C0054E6E3 /* EmergencyNumberViewModel.swift */,
				6A5A90C829EC86420054E6E3 /* EmergencyNumberListViewModel.swift */,
			);
			path = EmergencyNumbers;
			sourceTree = "<group>";
		};
		6AC7A35529DEE534003F8E18 = {
			isa = PBXGroup;
			children = (
				6AC7A36029DEE534003F8E18 /* ukraine */,
				E9F678E32A1A60AC00BB6E76 /* ukraineTests */,
				6AC7A35F29DEE534003F8E18 /* Products */,
			);
			sourceTree = "<group>";
		};
		6AC7A35F29DEE534003F8E18 /* Products */ = {
			isa = PBXGroup;
			children = (
				6AC7A35E29DEE534003F8E18 /* ukraine.app */,
				E9F678E22A1A60AC00BB6E76 /* ukraineTests.xctest */,
			);
			name = Products;
			sourceTree = "<group>";
		};
		6AC7A36029DEE534003F8E18 /* ukraine */ = {
			isa = PBXGroup;
			children = (
				6A52812C2A0D9DE0006C6AD0 /* Localization */,
				6A1415C22A06A0DA00AA94AA /* Extensions */,
				6A5A90B829EC76080054E6E3 /* Protocols */,
				6A5A90B129E8941B0054E6E3 /* Repository */,
				6A51E85429E05DC500129910 /* Modifiers */,
				6AC7A37329DEED28003F8E18 /* Views */,
				6AC7A37229DEED21003F8E18 /* ViewModel */,
				6AC7A37129DEED1D003F8E18 /* Model */,
				6AC7A36129DEE534003F8E18 /* UkraineApp.swift */,
				6AC7A36729DEE536003F8E18 /* Preview Content */,
				6AC7A36529DEE536003F8E18 /* Assets.xcassets */,
				6AF52E8329DF1F0D00D49FC5 /* Info.plist */,
				6AE8DA1929E747B9009054B6 /* GoogleService-Info.plist */,
				E9F678DC2A191C0400BB6E76 /* MockData.swift */,
			);
			path = ukraine;
			sourceTree = "<group>";
		};
		6AC7A36729DEE536003F8E18 /* Preview Content */ = {
			isa = PBXGroup;
			children = (
				6AC7A36829DEE536003F8E18 /* Preview Assets.xcassets */,
			);
			path = "Preview Content";
			sourceTree = "<group>";
		};
		6AC7A37129DEED1D003F8E18 /* Model */ = {
			isa = PBXGroup;
			children = (
				6AC7A37629DEF6FD003F8E18 /* TopicModel.swift */,
				6AC7A37829DEF74D003F8E18 /* SubTopicModel.swift */,
				6A5A90CC29EC8C140054E6E3 /* CommunityModel.swift */,
				6A5A90CE29EC8C310054E6E3 /* EmergencyNumbersModel.swift */,
			);
			path = Model;
			sourceTree = "<group>";
		};
		6AC7A37229DEED21003F8E18 /* ViewModel */ = {
			isa = PBXGroup;
			children = (
				6AE1DEF12A0284F80040F8C2 /* TopicForSwedes */,
				6A5A90C529EC86160054E6E3 /* EmergencyNumbers */,
				6A5A90C029EC7E5E0054E6E3 /* Communities */,
				6A5A90BF29EC7E460054E6E3 /* Topic */,
				6AC7A37A29DEFE95003F8E18 /* WebViewModel.swift */,
			);
			path = ViewModel;
			sourceTree = "<group>";
		};
		6AC7A37329DEED28003F8E18 /* Views */ = {
			isa = PBXGroup;
			children = (
				6AC7A36329DEE534003F8E18 /* ForUkrainiansView.swift */,
				6A9EDE242A093C4B0003FF96 /* AboutView.swift */,
				6AE1DEF42A0293420040F8C2 /* SettingsView.swift */,
				6AE1DEEB2A0147D70040F8C2 /* ForSwedesView.swift */,
				6A2AC5C429EC94CA00283AE8 /* EmergencyNumbers */,
				6A2AC5BF29EC933B00283AE8 /* Community */,
				6A2AC5BE29EC92F900283AE8 /* Topic */,
				6AC7A37429DEF380003F8E18 /* WebView.swift */,
				6AC7A37E29DF0950003F8E18 /* WebViewNavigationBar.swift */,
			);
			path = Views;
			sourceTree = "<group>";
		};
		6AE1DEF12A0284F80040F8C2 /* TopicForSwedes */ = {
			isa = PBXGroup;
			children = (
				6AE1DEEF2A0284F20040F8C2 /* TopicForSwedesViewModel.swift */,
				6AE1DEF22A02850C0040F8C2 /* TopicForSwedesListViewModel.swift */,
			);
			path = TopicForSwedes;
			sourceTree = "<group>";
		};
		E9F678E32A1A60AC00BB6E76 /* ukraineTests */ = {
			isa = PBXGroup;
			children = (
				E9F678E42A1A60AC00BB6E76 /* ukraineTests.swift */,
			);
			path = ukraineTests;
			sourceTree = "<group>";
		};
/* End PBXGroup section */

/* Begin PBXNativeTarget section */
		6AC7A35D29DEE534003F8E18 /* ukraine */ = {
			isa = PBXNativeTarget;
			buildConfigurationList = 6AC7A36C29DEE536003F8E18 /* Build configuration list for PBXNativeTarget "ukraine" */;
			buildPhases = (
				6AC7A35A29DEE534003F8E18 /* Sources */,
				6AC7A35B29DEE534003F8E18 /* Frameworks */,
				6AC7A35C29DEE534003F8E18 /* Resources */,
			);
			buildRules = (
			);
			dependencies = (
			);
			name = ukraine;
			packageProductDependencies = (
				6AE8DA1C29E74974009054B6 /* FirebaseFirestore */,
				6AE8DA1E29E74974009054B6 /* FirebaseFirestoreCombine-Community */,
				6AE8DA2029E74974009054B6 /* FirebaseFirestoreSwift */,
			);
			productName = ukraine;
			productReference = 6AC7A35E29DEE534003F8E18 /* ukraine.app */;
			productType = "com.apple.product-type.application";
		};
		E9F678E12A1A60AC00BB6E76 /* ukraineTests */ = {
			isa = PBXNativeTarget;
			buildConfigurationList = E9F678E82A1A60AC00BB6E76 /* Build configuration list for PBXNativeTarget "ukraineTests" */;
			buildPhases = (
				E9F678DE2A1A60AC00BB6E76 /* Sources */,
				E9F678DF2A1A60AC00BB6E76 /* Frameworks */,
				E9F678E02A1A60AC00BB6E76 /* Resources */,
			);
			buildRules = (
			);
			dependencies = (
				E90534F62A1A6B6C0018BBEE /* PBXTargetDependency */,
				E90534F82A1A6B6C0018BBEE /* PBXTargetDependency */,
				E90534FA2A1A6B6C0018BBEE /* PBXTargetDependency */,
				E9F678E72A1A60AC00BB6E76 /* PBXTargetDependency */,
			);
			name = ukraineTests;
			productName = ukraineTests;
			productReference = E9F678E22A1A60AC00BB6E76 /* ukraineTests.xctest */;
			productType = "com.apple.product-type.bundle.unit-test";
		};
/* End PBXNativeTarget section */

/* Begin PBXProject section */
		6AC7A35629DEE534003F8E18 /* Project object */ = {
			isa = PBXProject;
			attributes = {
				BuildIndependentTargetsInParallel = 1;
				LastSwiftUpdateCheck = 1430;
				LastUpgradeCheck = 1430;
				TargetAttributes = {
					6AC7A35D29DEE534003F8E18 = {
						CreatedOnToolsVersion = 14.2;
					};
					E9F678E12A1A60AC00BB6E76 = {
						CreatedOnToolsVersion = 14.3;
						TestTargetID = 6AC7A35D29DEE534003F8E18;
					};
				};
			};
			buildConfigurationList = 6AC7A35929DEE534003F8E18 /* Build configuration list for PBXProject "ukraine" */;
			compatibilityVersion = "Xcode 14.0";
			developmentRegion = en;
			hasScannedForEncodings = 0;
			knownRegions = (
				en,
				sv,
				uk,
				Base,
			);
			mainGroup = 6AC7A35529DEE534003F8E18;
			packageReferences = (
				6AE8DA1B29E74974009054B6 /* XCRemoteSwiftPackageReference "firebase-ios-sdk" */,
			);
			productRefGroup = 6AC7A35F29DEE534003F8E18 /* Products */;
			projectDirPath = "";
			projectRoot = "";
			targets = (
				6AC7A35D29DEE534003F8E18 /* ukraine */,
				E9F678E12A1A60AC00BB6E76 /* ukraineTests */,
			);
		};
/* End PBXProject section */

/* Begin PBXResourcesBuildPhase section */
		6AC7A35C29DEE534003F8E18 /* Resources */ = {
			isa = PBXResourcesBuildPhase;
			buildActionMask = 2147483647;
			files = (
				6AC7A36929DEE536003F8E18 /* Preview Assets.xcassets in Resources */,
				6A52812F2A0D9E04006C6AD0 /* Localizable.strings in Resources */,
				6AE8DA1A29E747B9009054B6 /* GoogleService-Info.plist in Resources */,
				6AC7A36629DEE536003F8E18 /* Assets.xcassets in Resources */,
			);
			runOnlyForDeploymentPostprocessing = 0;
		};
		E9F678E02A1A60AC00BB6E76 /* Resources */ = {
			isa = PBXResourcesBuildPhase;
			buildActionMask = 2147483647;
			files = (
				E92F04882A1A6DA9007FB18A /* Localizable.strings in Resources */,
			);
			runOnlyForDeploymentPostprocessing = 0;
		};
/* End PBXResourcesBuildPhase section */

/* Begin PBXSourcesBuildPhase section */
		6AC7A35A29DEE534003F8E18 /* Sources */ = {
			isa = PBXSourcesBuildPhase;
			buildActionMask = 2147483647;
			files = (
				6A5A90B329E8942A0054E6E3 /* TopicRepository.swift in Sources */,
				6A2AC5C329EC943200283AE8 /* CommunityCardView.swift in Sources */,
				6AE2C27D2A0826490089D5A1 /* NavigationBarModifier.swift in Sources */,
				6A2AC5BB29EC912700283AE8 /* TopicScrollView.swift in Sources */,
				6A5A90C729EC862C0054E6E3 /* EmergencyNumberViewModel.swift in Sources */,
				6AC7A37729DEF6FD003F8E18 /* TopicModel.swift in Sources */,
				6AE1DEEE2A02833A0040F8C2 /* TopicsForSwedesRepository.swift in Sources */,
				6A5281382A0E7B6D006C6AD0 /* LocalizeHelper.swift in Sources */,
				6AC7A37F29DF0950003F8E18 /* WebViewNavigationBar.swift in Sources */,
				6AC7A37029DEE9D1003F8E18 /* TopicDetailView.swift in Sources */,
				6A5A90BE29EC7C5C0054E6E3 /* CommunitiesRepository.swift in Sources */,
				6A5A90C229EC7E730054E6E3 /* CommunityViewModel.swift in Sources */,
				6AE2C2812A0828CF0089D5A1 /* BackgroundModifier.swift in Sources */,
				6A1415C42A06A0F200AA94AA /* UIApplicationExtension.swift in Sources */,
				6AF52E8529DF210400D49FC5 /* TopicDetailSectionView.swift in Sources */,
				6AC7A37929DEF74D003F8E18 /* SubTopicModel.swift in Sources */,
				6A2AC5C629EC94DC00283AE8 /* EmergencyListView.swift in Sources */,
				6A5A90C929EC86420054E6E3 /* EmergencyNumberListViewModel.swift in Sources */,
				6AC7A37529DEF380003F8E18 /* WebView.swift in Sources */,
				6A5A90CF29EC8C310054E6E3 /* EmergencyNumbersModel.swift in Sources */,
				6A2AC5C129EC934D00283AE8 /* CommunityScrollView.swift in Sources */,
				6A5A90B729E89BA50054E6E3 /* TopicViewModel.swift in Sources */,
				6AC7A36429DEE534003F8E18 /* ForUkrainiansView.swift in Sources */,
				6AE1DEF52A0293420040F8C2 /* SettingsView.swift in Sources */,
				6A5A90CB29EC86890054E6E3 /* EmergencyNumberRepository.swift in Sources */,
				6AE1DEF02A0284F20040F8C2 /* TopicForSwedesViewModel.swift in Sources */,
				E9F678DD2A191C0400BB6E76 /* MockData.swift in Sources */,
				6A9EDE252A093C4B0003FF96 /* AboutView.swift in Sources */,
				6AE1DEEC2A0147D70040F8C2 /* ForSwedesView.swift in Sources */,
				6A5A90C429EC7E7B0054E6E3 /* CommunityListViewModel.swift in Sources */,
				6A2AC5BD29EC91E100283AE8 /* TopicCardView.swift in Sources */,
				6AC7A36229DEE534003F8E18 /* UkraineApp.swift in Sources */,
				6AC7A37B29DEFE95003F8E18 /* WebViewModel.swift in Sources */,
				6A5A90CD29EC8C140054E6E3 /* CommunityModel.swift in Sources */,
				6A5A90B529E895350054E6E3 /* TopicListViewModel.swift in Sources */,
				6A5A90BA29EC761E0054E6E3 /* FirestoreRepository.swift in Sources */,
				6AE1DEF32A02850C0040F8C2 /* TopicForSwedesListViewModel.swift in Sources */,
			);
			runOnlyForDeploymentPostprocessing = 0;
		};
		E9F678DE2A1A60AC00BB6E76 /* Sources */ = {
			isa = PBXSourcesBuildPhase;
			buildActionMask = 2147483647;
			files = (
				E92F04992A1A6DD4007FB18A /* WebView.swift in Sources */,
				E9F678F42A1A60E700BB6E76 /* TopicModel.swift in Sources */,
				E92F048F2A1A6DC5007FB18A /* ForUkrainiansView.swift in Sources */,
				E9F678F52A1A60E700BB6E76 /* EmergencyNumbersModel.swift in Sources */,
				E9F678F22A1A60E300BB6E76 /* TopicViewModel.swift in Sources */,
				E9F678ED2A1A60DD00BB6E76 /* EmergencyNumberListViewModel.swift in Sources */,
				E9F678F82A1A60EB00BB6E76 /* UkraineApp.swift in Sources */,
				E9F678F32A1A60E300BB6E76 /* WebViewModel.swift in Sources */,
				E92F048A2A1A6DB2007FB18A /* UIApplicationExtension.swift in Sources */,
				E9F678F12A1A60E300BB6E76 /* TopicListViewModel.swift in Sources */,
				E92F04962A1A6DD0007FB18A /* TopicDetailView.swift in Sources */,
				E9F678FE2A1A60F100BB6E76 /* CommunitiesRepository.swift in Sources */,
				E9F678F72A1A60E700BB6E76 /* CommunityModel.swift in Sources */,
				E92F04902A1A6DC5007FB18A /* ForSwedesView.swift in Sources */,
				E92F048C2A1A6DC1007FB18A /* BackgroundModifier.swift in Sources */,
				E92F04892A1A6DAF007FB18A /* LocalizeHelper.swift in Sources */,
				E9F678EF2A1A60E000BB6E76 /* CommunityListViewModel.swift in Sources */,
				E9F678EB2A1A60D900BB6E76 /* TopicForSwedesViewModel.swift in Sources */,
				E92F04872A1A6D92007FB18A /* FirestoreRepository.swift in Sources */,
				E92F04932A1A6DCB007FB18A /* CommunityScrollView.swift in Sources */,
				E92F04982A1A6DD4007FB18A /* WebViewNavigationBar.swift in Sources */,
				E9F678F02A1A60E000BB6E76 /* CommunityViewModel.swift in Sources */,
				E9F678EC2A1A60D900BB6E76 /* TopicForSwedesListViewModel.swift in Sources */,
				E92F048B2A1A6DBE007FB18A /* NavigationBarModifier.swift in Sources */,
				E9F678F62A1A60E700BB6E76 /* SubTopicModel.swift in Sources */,
				E92F048D2A1A6DC5007FB18A /* AboutView.swift in Sources */,
				E92F04922A1A6DCB007FB18A /* CommunityCardView.swift in Sources */,
				E92F049A2A1A6DF8007FB18A /* MockData.swift in Sources */,
				E9F678EE2A1A60DD00BB6E76 /* EmergencyNumberViewModel.swift in Sources */,
				E92F04942A1A6DD0007FB18A /* TopicScrollView.swift in Sources */,
				E9F679002A1A60F100BB6E76 /* EmergencyNumberRepository.swift in Sources */,
				E92F04972A1A6DD0007FB18A /* TopicDetailSectionView.swift in Sources */,
				E92F04912A1A6DC8007FB18A /* EmergencyListView.swift in Sources */,
				E90534BE2A1A66830018BBEE /* ukraineTests.swift in Sources */,
				E9F679012A1A60F100BB6E76 /* TopicsForSwedesRepository.swift in Sources */,
				E9F678FF2A1A60F100BB6E76 /* TopicRepository.swift in Sources */,
				E92F04952A1A6DD0007FB18A /* TopicCardView.swift in Sources */,
				E92F048E2A1A6DC5007FB18A /* SettingsView.swift in Sources */,
			);
			runOnlyForDeploymentPostprocessing = 0;
		};
/* End PBXSourcesBuildPhase section */

/* Begin PBXTargetDependency section */
		E90534F62A1A6B6C0018BBEE /* PBXTargetDependency */ = {
			isa = PBXTargetDependency;
			productRef = E90534F52A1A6B6C0018BBEE /* FirebaseFirestore */;
		};
		E90534F82A1A6B6C0018BBEE /* PBXTargetDependency */ = {
			isa = PBXTargetDependency;
			productRef = E90534F72A1A6B6C0018BBEE /* FirebaseFirestoreCombine-Community */;
		};
		E90534FA2A1A6B6C0018BBEE /* PBXTargetDependency */ = {
			isa = PBXTargetDependency;
			productRef = E90534F92A1A6B6C0018BBEE /* FirebaseFirestoreSwift */;
		};
		E9F678E72A1A60AC00BB6E76 /* PBXTargetDependency */ = {
			isa = PBXTargetDependency;
			target = 6AC7A35D29DEE534003F8E18 /* ukraine */;
			targetProxy = E9F678E62A1A60AC00BB6E76 /* PBXContainerItemProxy */;
		};
/* End PBXTargetDependency section */

/* Begin PBXVariantGroup section */
		6A5281312A0D9E04006C6AD0 /* Localizable.strings */ = {
			isa = PBXVariantGroup;
			children = (
				6A5281302A0D9E04006C6AD0 /* en */,
				6A5281322A0D9E07006C6AD0 /* sv */,
				6A5281332A0D9E08006C6AD0 /* uk */,
			);
			name = Localizable.strings;
			sourceTree = "<group>";
		};
/* End PBXVariantGroup section */

/* Begin XCBuildConfiguration section */
		6AC7A36A29DEE536003F8E18 /* Debug */ = {
			isa = XCBuildConfiguration;
			buildSettings = {
				ALWAYS_SEARCH_USER_PATHS = NO;
				CLANG_ANALYZER_LOCALIZABILITY_NONLOCALIZED = YES;
				CLANG_ANALYZER_NONNULL = YES;
				CLANG_ANALYZER_NUMBER_OBJECT_CONVERSION = YES_AGGRESSIVE;
				CLANG_CXX_LANGUAGE_STANDARD = "gnu++20";
				CLANG_ENABLE_MODULES = YES;
				CLANG_ENABLE_OBJC_ARC = YES;
				CLANG_ENABLE_OBJC_WEAK = YES;
				CLANG_WARN_BLOCK_CAPTURE_AUTORELEASING = YES;
				CLANG_WARN_BOOL_CONVERSION = YES;
				CLANG_WARN_COMMA = YES;
				CLANG_WARN_CONSTANT_CONVERSION = YES;
				CLANG_WARN_DEPRECATED_OBJC_IMPLEMENTATIONS = YES;
				CLANG_WARN_DIRECT_OBJC_ISA_USAGE = YES_ERROR;
				CLANG_WARN_DOCUMENTATION_COMMENTS = YES;
				CLANG_WARN_EMPTY_BODY = YES;
				CLANG_WARN_ENUM_CONVERSION = YES;
				CLANG_WARN_INFINITE_RECURSION = YES;
				CLANG_WARN_INT_CONVERSION = YES;
				CLANG_WARN_NON_LITERAL_NULL_CONVERSION = YES;
				CLANG_WARN_OBJC_IMPLICIT_RETAIN_SELF = YES;
				CLANG_WARN_OBJC_LITERAL_CONVERSION = YES;
				CLANG_WARN_OBJC_ROOT_CLASS = YES_ERROR;
				CLANG_WARN_QUOTED_INCLUDE_IN_FRAMEWORK_HEADER = YES;
				CLANG_WARN_RANGE_LOOP_ANALYSIS = YES;
				CLANG_WARN_STRICT_PROTOTYPES = YES;
				CLANG_WARN_SUSPICIOUS_MOVE = YES;
				CLANG_WARN_UNGUARDED_AVAILABILITY = YES_AGGRESSIVE;
				CLANG_WARN_UNREACHABLE_CODE = YES;
				CLANG_WARN__DUPLICATE_METHOD_MATCH = YES;
				COPY_PHASE_STRIP = NO;
				DEBUG_INFORMATION_FORMAT = dwarf;
				ENABLE_STRICT_OBJC_MSGSEND = YES;
				ENABLE_TESTABILITY = YES;
				GCC_C_LANGUAGE_STANDARD = gnu11;
				GCC_DYNAMIC_NO_PIC = NO;
				GCC_NO_COMMON_BLOCKS = YES;
				GCC_OPTIMIZATION_LEVEL = 0;
				GCC_PREPROCESSOR_DEFINITIONS = (
					"DEBUG=1",
					"$(inherited)",
				);
				GCC_WARN_64_TO_32_BIT_CONVERSION = YES;
				GCC_WARN_ABOUT_RETURN_TYPE = YES_ERROR;
				GCC_WARN_UNDECLARED_SELECTOR = YES;
				GCC_WARN_UNINITIALIZED_AUTOS = YES_AGGRESSIVE;
				GCC_WARN_UNUSED_FUNCTION = YES;
				GCC_WARN_UNUSED_VARIABLE = YES;
				IPHONEOS_DEPLOYMENT_TARGET = 16.0;
				MTL_ENABLE_DEBUG_INFO = INCLUDE_SOURCE;
				MTL_FAST_MATH = YES;
				ONLY_ACTIVE_ARCH = YES;
				SDKROOT = iphoneos;
				SWIFT_ACTIVE_COMPILATION_CONDITIONS = DEBUG;
				SWIFT_OPTIMIZATION_LEVEL = "-Onone";
			};
			name = Debug;
		};
		6AC7A36B29DEE536003F8E18 /* Release */ = {
			isa = XCBuildConfiguration;
			buildSettings = {
				ALWAYS_SEARCH_USER_PATHS = NO;
				CLANG_ANALYZER_LOCALIZABILITY_NONLOCALIZED = YES;
				CLANG_ANALYZER_NONNULL = YES;
				CLANG_ANALYZER_NUMBER_OBJECT_CONVERSION = YES_AGGRESSIVE;
				CLANG_CXX_LANGUAGE_STANDARD = "gnu++20";
				CLANG_ENABLE_MODULES = YES;
				CLANG_ENABLE_OBJC_ARC = YES;
				CLANG_ENABLE_OBJC_WEAK = YES;
				CLANG_WARN_BLOCK_CAPTURE_AUTORELEASING = YES;
				CLANG_WARN_BOOL_CONVERSION = YES;
				CLANG_WARN_COMMA = YES;
				CLANG_WARN_CONSTANT_CONVERSION = YES;
				CLANG_WARN_DEPRECATED_OBJC_IMPLEMENTATIONS = YES;
				CLANG_WARN_DIRECT_OBJC_ISA_USAGE = YES_ERROR;
				CLANG_WARN_DOCUMENTATION_COMMENTS = YES;
				CLANG_WARN_EMPTY_BODY = YES;
				CLANG_WARN_ENUM_CONVERSION = YES;
				CLANG_WARN_INFINITE_RECURSION = YES;
				CLANG_WARN_INT_CONVERSION = YES;
				CLANG_WARN_NON_LITERAL_NULL_CONVERSION = YES;
				CLANG_WARN_OBJC_IMPLICIT_RETAIN_SELF = YES;
				CLANG_WARN_OBJC_LITERAL_CONVERSION = YES;
				CLANG_WARN_OBJC_ROOT_CLASS = YES_ERROR;
				CLANG_WARN_QUOTED_INCLUDE_IN_FRAMEWORK_HEADER = YES;
				CLANG_WARN_RANGE_LOOP_ANALYSIS = YES;
				CLANG_WARN_STRICT_PROTOTYPES = YES;
				CLANG_WARN_SUSPICIOUS_MOVE = YES;
				CLANG_WARN_UNGUARDED_AVAILABILITY = YES_AGGRESSIVE;
				CLANG_WARN_UNREACHABLE_CODE = YES;
				CLANG_WARN__DUPLICATE_METHOD_MATCH = YES;
				COPY_PHASE_STRIP = NO;
				DEBUG_INFORMATION_FORMAT = "dwarf-with-dsym";
				ENABLE_NS_ASSERTIONS = NO;
				ENABLE_STRICT_OBJC_MSGSEND = YES;
				GCC_C_LANGUAGE_STANDARD = gnu11;
				GCC_NO_COMMON_BLOCKS = YES;
				GCC_WARN_64_TO_32_BIT_CONVERSION = YES;
				GCC_WARN_ABOUT_RETURN_TYPE = YES_ERROR;
				GCC_WARN_UNDECLARED_SELECTOR = YES;
				GCC_WARN_UNINITIALIZED_AUTOS = YES_AGGRESSIVE;
				GCC_WARN_UNUSED_FUNCTION = YES;
				GCC_WARN_UNUSED_VARIABLE = YES;
				IPHONEOS_DEPLOYMENT_TARGET = 16.0;
				MTL_ENABLE_DEBUG_INFO = NO;
				MTL_FAST_MATH = YES;
				SDKROOT = iphoneos;
				SWIFT_COMPILATION_MODE = wholemodule;
				SWIFT_OPTIMIZATION_LEVEL = "-O";
				VALIDATE_PRODUCT = YES;
			};
			name = Release;
		};
		6AC7A36D29DEE536003F8E18 /* Debug */ = {
			isa = XCBuildConfiguration;
			buildSettings = {
				ASSETCATALOG_COMPILER_APPICON_NAME = AppIcon;
				ASSETCATALOG_COMPILER_GLOBAL_ACCENT_COLOR_NAME = AccentColor;
				CODE_SIGN_STYLE = Automatic;
				CURRENT_PROJECT_VERSION = 1.1;
				DEVELOPMENT_ASSET_PATHS = "\"ukraine/Preview Content\"";
				DEVELOPMENT_TEAM = 96G8B7SJ53;
				ENABLE_PREVIEWS = YES;
				GENERATE_INFOPLIST_FILE = YES;
				INFOPLIST_FILE = ukraine/Info.plist;
				INFOPLIST_KEY_CFBundleDisplayName = "For Ukrainians";
				INFOPLIST_KEY_LSApplicationCategoryType = "public.app-category.education";
				INFOPLIST_KEY_UIApplicationSceneManifest_Generation = YES;
				INFOPLIST_KEY_UIApplicationSupportsIndirectInputEvents = YES;
				INFOPLIST_KEY_UILaunchScreen_Generation = YES;
				INFOPLIST_KEY_UISupportedInterfaceOrientations_iPad = "UIInterfaceOrientationPortrait UIInterfaceOrientationPortraitUpsideDown UIInterfaceOrientationLandscapeLeft UIInterfaceOrientationLandscapeRight";
				INFOPLIST_KEY_UISupportedInterfaceOrientations_iPhone = "UIInterfaceOrientationPortrait UIInterfaceOrientationLandscapeLeft UIInterfaceOrientationLandscapeRight";
				IPHONEOS_DEPLOYMENT_TARGET = 16.0;
				LD_RUNPATH_SEARCH_PATHS = (
					"$(inherited)",
					"@executable_path/Frameworks",
				);
				MARKETING_VERSION = 1.0;
				PRODUCT_BUNDLE_IDENTIFIER = victor.dev.ukraine;
				PRODUCT_NAME = "$(TARGET_NAME)";
				SUPPORTED_PLATFORMS = "iphoneos iphonesimulator";
				SUPPORTS_MACCATALYST = NO;
				SUPPORTS_MAC_DESIGNED_FOR_IPHONE_IPAD = NO;
				SWIFT_EMIT_LOC_STRINGS = YES;
				SWIFT_VERSION = 5.0;
				TARGETED_DEVICE_FAMILY = 1;
			};
			name = Debug;
		};
		6AC7A36E29DEE536003F8E18 /* Release */ = {
			isa = XCBuildConfiguration;
			buildSettings = {
				ASSETCATALOG_COMPILER_APPICON_NAME = AppIcon;
				ASSETCATALOG_COMPILER_GLOBAL_ACCENT_COLOR_NAME = AccentColor;
				CODE_SIGN_STYLE = Automatic;
				CURRENT_PROJECT_VERSION = 1.1;
				DEVELOPMENT_ASSET_PATHS = "\"ukraine/Preview Content\"";
				DEVELOPMENT_TEAM = 96G8B7SJ53;
				ENABLE_PREVIEWS = YES;
				GENERATE_INFOPLIST_FILE = YES;
				INFOPLIST_FILE = ukraine/Info.plist;
				INFOPLIST_KEY_CFBundleDisplayName = "For Ukrainians";
				INFOPLIST_KEY_LSApplicationCategoryType = "public.app-category.education";
				INFOPLIST_KEY_UIApplicationSceneManifest_Generation = YES;
				INFOPLIST_KEY_UIApplicationSupportsIndirectInputEvents = YES;
				INFOPLIST_KEY_UILaunchScreen_Generation = YES;
				INFOPLIST_KEY_UISupportedInterfaceOrientations_iPad = "UIInterfaceOrientationPortrait UIInterfaceOrientationPortraitUpsideDown UIInterfaceOrientationLandscapeLeft UIInterfaceOrientationLandscapeRight";
				INFOPLIST_KEY_UISupportedInterfaceOrientations_iPhone = "UIInterfaceOrientationPortrait UIInterfaceOrientationLandscapeLeft UIInterfaceOrientationLandscapeRight";
				IPHONEOS_DEPLOYMENT_TARGET = 16.0;
				LD_RUNPATH_SEARCH_PATHS = (
					"$(inherited)",
					"@executable_path/Frameworks",
				);
				MARKETING_VERSION = 1.0;
				PRODUCT_BUNDLE_IDENTIFIER = victor.dev.ukraine;
				PRODUCT_NAME = "$(TARGET_NAME)";
				SUPPORTED_PLATFORMS = "iphoneos iphonesimulator";
				SUPPORTS_MACCATALYST = NO;
				SUPPORTS_MAC_DESIGNED_FOR_IPHONE_IPAD = NO;
				SWIFT_EMIT_LOC_STRINGS = YES;
				SWIFT_VERSION = 5.0;
				TARGETED_DEVICE_FAMILY = 1;
			};
			name = Release;
		};
		E9F678E92A1A60AC00BB6E76 /* Debug */ = {
			isa = XCBuildConfiguration;
			buildSettings = {
				BUNDLE_LOADER = "$(TEST_HOST)";
				CODE_SIGN_STYLE = Automatic;
				CURRENT_PROJECT_VERSION = 1;
				DEVELOPMENT_TEAM = 96G8B7SJ53;
				GENERATE_INFOPLIST_FILE = YES;
				IPHONEOS_DEPLOYMENT_TARGET = 16.4;
				MARKETING_VERSION = 1.0;
				PRODUCT_BUNDLE_IDENTIFIER = victor.dev.ukraineTests;
				PRODUCT_NAME = "$(TARGET_NAME)";
				SWIFT_EMIT_LOC_STRINGS = NO;
				SWIFT_VERSION = 5.0;
				TARGETED_DEVICE_FAMILY = "1,2";
				TEST_HOST = "$(BUILT_PRODUCTS_DIR)/ukraine.app/$(BUNDLE_EXECUTABLE_FOLDER_PATH)ukraine";
			};
			name = Debug;
		};
		E9F678EA2A1A60AC00BB6E76 /* Release */ = {
			isa = XCBuildConfiguration;
			buildSettings = {
				BUNDLE_LOADER = "$(TEST_HOST)";
				CODE_SIGN_STYLE = Automatic;
				CURRENT_PROJECT_VERSION = 1;
				DEVELOPMENT_TEAM = 96G8B7SJ53;
				GENERATE_INFOPLIST_FILE = YES;
				IPHONEOS_DEPLOYMENT_TARGET = 16.4;
				MARKETING_VERSION = 1.0;
				PRODUCT_BUNDLE_IDENTIFIER = victor.dev.ukraineTests;
				PRODUCT_NAME = "$(TARGET_NAME)";
				SWIFT_EMIT_LOC_STRINGS = NO;
				SWIFT_VERSION = 5.0;
				TARGETED_DEVICE_FAMILY = "1,2";
				TEST_HOST = "$(BUILT_PRODUCTS_DIR)/ukraine.app/$(BUNDLE_EXECUTABLE_FOLDER_PATH)ukraine";
			};
			name = Release;
		};
/* End XCBuildConfiguration section */

/* Begin XCConfigurationList section */
		6AC7A35929DEE534003F8E18 /* Build configuration list for PBXProject "ukraine" */ = {
			isa = XCConfigurationList;
			buildConfigurations = (
				6AC7A36A29DEE536003F8E18 /* Debug */,
				6AC7A36B29DEE536003F8E18 /* Release */,
			);
			defaultConfigurationIsVisible = 0;
			defaultConfigurationName = Release;
		};
		6AC7A36C29DEE536003F8E18 /* Build configuration list for PBXNativeTarget "ukraine" */ = {
			isa = XCConfigurationList;
			buildConfigurations = (
				6AC7A36D29DEE536003F8E18 /* Debug */,
				6AC7A36E29DEE536003F8E18 /* Release */,
			);
			defaultConfigurationIsVisible = 0;
			defaultConfigurationName = Release;
		};
		E9F678E82A1A60AC00BB6E76 /* Build configuration list for PBXNativeTarget "ukraineTests" */ = {
			isa = XCConfigurationList;
			buildConfigurations = (
				E9F678E92A1A60AC00BB6E76 /* Debug */,
				E9F678EA2A1A60AC00BB6E76 /* Release */,
			);
			defaultConfigurationIsVisible = 0;
			defaultConfigurationName = Release;
		};
/* End XCConfigurationList section */

/* Begin XCRemoteSwiftPackageReference section */
		6AE8DA1B29E74974009054B6 /* XCRemoteSwiftPackageReference "firebase-ios-sdk" */ = {
			isa = XCRemoteSwiftPackageReference;
			repositoryURL = "https://github.com/firebase/firebase-ios-sdk";
			requirement = {
				kind = upToNextMajorVersion;
				minimumVersion = 10.0.0;
			};
		};
/* End XCRemoteSwiftPackageReference section */

/* Begin XCSwiftPackageProductDependency section */
		6AE8DA1C29E74974009054B6 /* FirebaseFirestore */ = {
			isa = XCSwiftPackageProductDependency;
			package = 6AE8DA1B29E74974009054B6 /* XCRemoteSwiftPackageReference "firebase-ios-sdk" */;
			productName = FirebaseFirestore;
		};
		6AE8DA1E29E74974009054B6 /* FirebaseFirestoreCombine-Community */ = {
			isa = XCSwiftPackageProductDependency;
			package = 6AE8DA1B29E74974009054B6 /* XCRemoteSwiftPackageReference "firebase-ios-sdk" */;
			productName = "FirebaseFirestoreCombine-Community";
		};
		6AE8DA2029E74974009054B6 /* FirebaseFirestoreSwift */ = {
			isa = XCSwiftPackageProductDependency;
			package = 6AE8DA1B29E74974009054B6 /* XCRemoteSwiftPackageReference "firebase-ios-sdk" */;
			productName = FirebaseFirestoreSwift;
		};
		E90534F52A1A6B6C0018BBEE /* FirebaseFirestore */ = {
			isa = XCSwiftPackageProductDependency;
			package = 6AE8DA1B29E74974009054B6 /* XCRemoteSwiftPackageReference "firebase-ios-sdk" */;
			productName = FirebaseFirestore;
		};
		E90534F72A1A6B6C0018BBEE /* FirebaseFirestoreCombine-Community */ = {
			isa = XCSwiftPackageProductDependency;
			package = 6AE8DA1B29E74974009054B6 /* XCRemoteSwiftPackageReference "firebase-ios-sdk" */;
			productName = "FirebaseFirestoreCombine-Community";
		};
		E90534F92A1A6B6C0018BBEE /* FirebaseFirestoreSwift */ = {
			isa = XCSwiftPackageProductDependency;
			package = 6AE8DA1B29E74974009054B6 /* XCRemoteSwiftPackageReference "firebase-ios-sdk" */;
			productName = FirebaseFirestoreSwift;
		};
/* End XCSwiftPackageProductDependency section */
	};
	rootObject = 6AC7A35629DEE534003F8E18 /* Project object */;
}
